Microsoft Visual Studio Solution File, Format Version 11.00
# Visual Studio 2008

Project("{00835300-B631-B98F-C9CF-A4DCF95B00AE}") = "Zombie2", "Assembly-CSharp.csproj", "{942FF7EF-9395-560B-43B9-2475A3F1633F}"
EndProject
Project("{00835300-B631-B98F-C9CF-A4DCF95B00AE}") = "Zombie2", "Assembly-CSharp-Editor.csproj", "{B9DD3BF3-7606-EB09-9F7A-AD793F4B859D}"
EndProject
Project("{00835300-B631-B98F-C9CF-A4DCF95B00AE}") = "Zombie2", "Assembly-UnityScript.unityproj", "{EE384F93-6F36-7F97-B0B4-28B2DC0E71E3}"
EndProject
Global
	GlobalSection(SolutionConfigurationPlatforms) = preSolution
		Debug|Any CPU = Debug|Any CPU
		Release|Any CPU = Release|Any CPU
	EndGlobalSection
	GlobalSection(ProjectConfigurationPlatforms) = postSolution
		{942FF7EF-9395-560B-43B9-2475A3F1633F}.Debug|Any CPU.ActiveCfg = Debug|Any CPU
		{942FF7EF-9395-560B-43B9-2475A3F1633F}.Debug|Any CPU.Build.0 = Debug|Any CPU
		{942FF7EF-9395-560B-43B9-2475A3F1633F}.Release|Any CPU.ActiveCfg = Release|Any CPU
		{942FF7EF-9395-560B-43B9-2475A3F1633F}.Release|Any CPU.Build.0 = Release|Any CPU
		{B9DD3BF3-7606-EB09-9F7A-AD793F4B859D}.Debug|Any CPU.ActiveCfg = Debug|Any CPU
		{B9DD3BF3-7606-EB09-9F7A-AD793F4B859D}.Debug|Any CPU.Build.0 = Debug|Any CPU
		{B9DD3BF3-7606-EB09-9F7A-AD793F4B859D}.Release|Any CPU.ActiveCfg = Release|Any CPU
		{B9DD3BF3-7606-EB09-9F7A-AD793F4B859D}.Release|Any CPU.Build.0 = Release|Any CPU
		{EE384F93-6F36-7F97-B0B4-28B2DC0E71E3}.Debug|Any CPU.ActiveCfg = Debug|Any CPU
		{EE384F93-6F36-7F97-B0B4-28B2DC0E71E3}.Debug|Any CPU.Build.0 = Debug|Any CPU
		{EE384F93-6F36-7F97-B0B4-28B2DC0E71E3}.Release|Any CPU.ActiveCfg = Release|Any CPU
		{EE384F93-6F36-7F97-B0B4-28B2DC0E71E3}.Release|Any CPU.Build.0 = Release|Any CPU
	EndGlobalSection
	GlobalSection(SolutionProperties) = preSolution
		HideSolutionNode = FALSE
	EndGlobalSection
											GlobalSection(MonoDevelopProperties) = preSolution
		StartupItem = Assembly-CSharp.csproj
		Policies = $0
		$0.TextStylePolicy = $1
		$1.inheritsSet = null
		$1.scope = text/x-csharp
		$0.CSharpFormattingPolicy = $2
		$2.inheritsSet = Mono
		$2.inheritsScope = text/x-csharp
		$2.scope = text/x-csharp
		$0.TextStylePolicy = $3
		$3.FileWidth = 120
		$3.TabWidth = 4
		$3.IndentWidth = 4
		$3.EolMarker = Unix
		$3.inheritsSet = Mono
		$3.inheritsScope = text/plain
		$3.scope = text/plain
	EndGlobalSection

EndGlobal
